github.com/donnigundala/dg-core v1.0.0 h1:cEoDu2YonF8RaotfTzsibM1rXVaSorU3roTEWoupew8=
github.com/donnigundala/dg-core v1.0.0/go.mod h1:xuM6YNPH99tezIOtOdfv7O6lvW3GRPBgaexRr88ymCs=
github.com/pkg/errors v0.9.1 h1:FEBLx1zS214owpjy7qsBeixbURkuhQAwrK5UwLGTwt4=
github.com/pkg/errors v0.9.1/go.mod h1:bwawxfHBFNV+L2hUp1rHADufV3IMtnDRdf1r5NINEl0=
